// !$*UTF8*$!
{
	archiveVersion = 1;
	classes = {
	};
	objectVersion = 56;
	objects = {

/* Begin PBXBuildFile section */
		6816BE4B2C282D5C0089FCDB /* TaskExecutionView.swift in Sources */ = {isa = PBXBuildFile; fileRef = 6816BE4A2C282D5C0089FCDB /* TaskExecutionView.swift */; };
		6816BE4D2C282DB50089FCDB /* Tasker.swift in Sources */ = {isa = PBXBuildFile; fileRef = 6816BE4C2C282DB50089FCDB /* Tasker.swift */; };
		6822A68F2C8EE75300AAA172 /* DebugAnimationsView.swift in Sources */ = {isa = PBXBuildFile; fileRef = 6822A68E2C8EE75300AAA172 /* DebugAnimationsView.swift */; };
		68A032D72C97F9CD00F2B0B2 /* SwiftDataView.swift in Sources */ = {isa = PBXBuildFile; fileRef = 68A032D62C97F9CD00F2B0B2 /* SwiftDataView.swift */; };
		68A032D92C97FA1900F2B0B2 /* Item.swift in Sources */ = {isa = PBXBuildFile; fileRef = 68A032D82C97FA1900F2B0B2 /* Item.swift */; };
		68B0D7E42C817E3C00D7432B /* AnimationsView.swift in Sources */ = {isa = PBXBuildFile; fileRef = 68B0D7E32C817E3C00D7432B /* AnimationsView.swift */; };
		68CFB19C2C27DC5100D3FB14 /* Swift_DemosApp.swift in Sources */ = {isa = PBXBuildFile; fileRef = 68CFB19B2C27DC5100D3FB14 /* Swift_DemosApp.swift */; };
		68CFB19E2C27DC5100D3FB14 /* StateComparisonView.swift in Sources */ = {isa = PBXBuildFile; fileRef = 68CFB19D2C27DC5100D3FB14 /* StateComparisonView.swift */; };
		68CFB1A02C27DC5200D3FB14 /* Assets.xcassets in Resources */ = {isa = PBXBuildFile; fileRef = 68CFB19F2C27DC5200D3FB14 /* Assets.xcassets */; };
		68CFB1A32C27DC5200D3FB14 /* Preview Assets.xcassets in Resources */ = {isa = PBXBuildFile; fileRef = 68CFB1A22C27DC5200D3FB14 /* Preview Assets.xcassets */; };
		68CFB1AB2C27E74200D3FB14 /* LifeCycleLogView.swift in Sources */ = {isa = PBXBuildFile; fileRef = 68CFB1AA2C27E74200D3FB14 /* LifeCycleLogView.swift */; };
		68CFB1AD2C27E76D00D3FB14 /* TestObject.swift in Sources */ = {isa = PBXBuildFile; fileRef = 68CFB1AC2C27E76D00D3FB14 /* TestObject.swift */; };
		68CFB1B02C27E7C500D3FB14 /* DetailView.swift in Sources */ = {isa = PBXBuildFile; fileRef = 68CFB1AF2C27E7C500D3FB14 /* DetailView.swift */; };
/* End PBXBuildFile section */

/* Begin PBXFileReference section */
		6816BE4A2C282D5C0089FCDB /* TaskExecutionView.swift */ = {isa = PBXFileReference; lastKnownFileType = sourcecode.swift; path = TaskExecutionView.swift; sourceTree = "<group>"; };
		6816BE4C2C282DB50089FCDB /* Tasker.swift */ = {isa = PBXFileReference; lastKnownFileType = sourcecode.swift; path = Tasker.swift; sourceTree = "<group>"; };
		6822A68E2C8EE75300AAA172 /* DebugAnimationsView.swift */ = {isa = PBXFileReference; lastKnownFileType = sourcecode.swift; path = DebugAnimationsView.swift; sourceTree = "<group>"; };
		68A032D62C97F9CD00F2B0B2 /* SwiftDataView.swift */ = {isa = PBXFileReference; lastKnownFileType = sourcecode.swift; path = SwiftDataView.swift; sourceTree = "<group>"; };
		68A032D82C97FA1900F2B0B2 /* Item.swift */ = {isa = PBXFileReference; lastKnownFileType = sourcecode.swift; path = Item.swift; sourceTree = "<group>"; };
		68B0D7E32C817E3C00D7432B /* AnimationsView.swift */ = {isa = PBXFileReference; lastKnownFileType = sourcecode.swift; path = AnimationsView.swift; sourceTree = "<group>"; };
		68CFB1982C27DC5100D3FB14 /* Swift Demos.app */ = {isa = PBXFileReference; explicitFileType = wrapper.application; includeInIndex = 0; path = "Swift Demos.app"; sourceTree = BUILT_PRODUCTS_DIR; };
		68CFB19B2C27DC5100D3FB14 /* Swift_DemosApp.swift */ = {isa = PBXFileReference; lastKnownFileType = sourcecode.swift; path = Swift_DemosApp.swift; sourceTree = "<group>"; };
		68CFB19D2C27DC5100D3FB14 /* StateComparisonView.swift */ = {isa = PBXFileReference; lastKnownFileType = sourcecode.swift; path = StateComparisonView.swift; sourceTree = "<group>"; };
		68CFB19F2C27DC5200D3FB14 /* Assets.xcassets */ = {isa = PBXFileReference; lastKnownFileType = folder.assetcatalog; path = Assets.xcassets; sourceTree = "<group>"; };
		68CFB1A22C27DC5200D3FB14 /* Preview Assets.xcassets */ = {isa = PBXFileReference; lastKnownFileType = folder.assetcatalog; path = "Preview Assets.xcassets"; sourceTree = "<group>"; };
		68CFB1AA2C27E74200D3FB14 /* LifeCycleLogView.swift */ = {isa = PBXFileReference; lastKnownFileType = sourcecode.swift; path = LifeCycleLogView.swift; sourceTree = "<group>"; };
		68CFB1AC2C27E76D00D3FB14 /* TestObject.swift */ = {isa = PBXFileReference; lastKnownFileType = sourcecode.swift; path = TestObject.swift; sourceTree = "<group>"; };
		68CFB1AF2C27E7C500D3FB14 /* DetailView.swift */ = {isa = PBXFileReference; lastKnownFileType = sourcecode.swift; path = DetailView.swift; sourceTree = "<group>"; };
/* End PBXFileReference section */

/* Begin PBXFrameworksBuildPhase section */
		68CFB1952C27DC5100D3FB14 /* Frameworks */ = {
			isa = PBXFrameworksBuildPhase;
			buildActionMask = 2147483647;
			files = (
			);
			runOnlyForDeploymentPostprocessing = 0;
		};
/* End PBXFrameworksBuildPhase section */

/* Begin PBXGroup section */
		68CFB18F2C27DC5100D3FB14 = {
			isa = PBXGroup;
			children = (
				68CFB19A2C27DC5100D3FB14 /* Swift Demos */,
				68CFB1992C27DC5100D3FB14 /* Products */,
			);
			sourceTree = "<group>";
		};
		68CFB1992C27DC5100D3FB14 /* Products */ = {
			isa = PBXGroup;
			children = (
				68CFB1982C27DC5100D3FB14 /* Swift Demos.app */,
			);
			name = Products;
			sourceTree = "<group>";
		};
		68CFB19A2C27DC5100D3FB14 /* Swift Demos */ = {
			isa = PBXGroup;
			children = (
				68CFB19B2C27DC5100D3FB14 /* Swift_DemosApp.swift */,
				68CFB1AE2C27E7A800D3FB14 /* Views */,
				68CFB1A92C27E71100D3FB14 /* Models */,
				68CFB19F2C27DC5200D3FB14 /* Assets.xcassets */,
				68CFB1A12C27DC5200D3FB14 /* Preview Content */,
			);
			path = "Swift Demos";
			sourceTree = "<group>";
		};
		68CFB1A12C27DC5200D3FB14 /* Preview Content */ = {
			isa = PBXGroup;
			children = (
				68CFB1A22C27DC5200D3FB14 /* Preview Assets.xcassets */,
			);
			path = "Preview Content";
			sourceTree = "<group>";
		};
		68CFB1A92C27E71100D3FB14 /* Models */ = {
			isa = PBXGroup;
			children = (
				68CFB1AC2C27E76D00D3FB14 /* TestObject.swift */,
				6816BE4C2C282DB50089FCDB /* Tasker.swift */,
				68A032D82C97FA1900F2B0B2 /* Item.swift */,
			);
			path = Models;
			sourceTree = "<group>";
		};
		68CFB1AE2C27E7A800D3FB14 /* Views */ = {
			isa = PBXGroup;
			children = (
				68B0D7E32C817E3C00D7432B /* AnimationsView.swift */,
				68CFB19D2C27DC5100D3FB14 /* StateComparisonView.swift */,
				68CFB1AA2C27E74200D3FB14 /* LifeCycleLogView.swift */,
				68CFB1AF2C27E7C500D3FB14 /* DetailView.swift */,
				6816BE4A2C282D5C0089FCDB /* TaskExecutionView.swift */,
				6822A68E2C8EE75300AAA172 /* DebugAnimationsView.swift */,
				68A032D62C97F9CD00F2B0B2 /* SwiftDataView.swift */,
			);
			path = Views;
			sourceTree = "<group>";
		};
/* End PBXGroup section */

/* Begin PBXNativeTarget section */
		68CFB1972C27DC5100D3FB14 /* Swift Demos */ = {
			isa = PBXNativeTarget;
			buildConfigurationList = 68CFB1A62C27DC5200D3FB14 /* Build configuration list for PBXNativeTarget "Swift Demos" */;
			buildPhases = (
				68CFB1942C27DC5100D3FB14 /* Sources */,
				68CFB1952C27DC5100D3FB14 /* Frameworks */,
				68CFB1962C27DC5100D3FB14 /* Resources */,
			);
			buildRules = (
			);
			dependencies = (
			);
			name = "Swift Demos";
			productName = "Swift Demos";
			productReference = 68CFB1982C27DC5100D3FB14 /* Swift Demos.app */;
			productType = "com.apple.product-type.application";
		};
/* End PBXNativeTarget section */

/* Begin PBXProject section */
		68CFB1902C27DC5100D3FB14 /* Project object */ = {
			isa = PBXProject;
			attributes = {
				BuildIndependentTargetsInParallel = 1;
				LastSwiftUpdateCheck = 1500;
				LastUpgradeCheck = 1500;
				TargetAttributes = {
					68CFB1972C27DC5100D3FB14 = {
						CreatedOnToolsVersion = 15.0;
					};
				};
			};
			buildConfigurationList = 68CFB1932C27DC5100D3FB14 /* Build configuration list for PBXProject "Swift Demos" */;
			compatibilityVersion = "Xcode 14.0";
			developmentRegion = en;
			hasScannedForEncodings = 0;
			knownRegions = (
				en,
				Base,
			);
			mainGroup = 68CFB18F2C27DC5100D3FB14;
			productRefGroup = 68CFB1992C27DC5100D3FB14 /* Products */;
			projectDirPath = "";
			projectRoot = "";
			targets = (
				68CFB1972C27DC5100D3FB14 /* Swift Demos */,
			);
		};
/* End PBXProject section */

/* Begin PBXResourcesBuildPhase section */
		68CFB1962C27DC5100D3FB14 /* Resources */ = {
			isa = PBXResourcesBuildPhase;
			buildActionMask = 2147483647;
			files = (
				68CFB1A32C27DC5200D3FB14 /* Preview Assets.xcassets in Resources */,
				68CFB1A02C27DC5200D3FB14 /* Assets.xcassets in Resources */,
			);
			runOnlyForDeploymentPostprocessing = 0;
		};
/* End PBXResourcesBuildPhase section */

/* Begin PBXSourcesBuildPhase section */
		68CFB1942C27DC5100D3FB14 /* Sources */ = {
			isa = PBXSourcesBuildPhase;
			buildActionMask = 2147483647;
			files = (
				68A032D72C97F9CD00F2B0B2 /* SwiftDataView.swift in Sources */,
				6816BE4B2C282D5C0089FCDB /* TaskExecutionView.swift in Sources */,
				68CFB1AB2C27E74200D3FB14 /* LifeCycleLogView.swift in Sources */,
				68CFB19E2C27DC5100D3FB14 /* StateComparisonView.swift in Sources */,
				6822A68F2C8EE75300AAA172 /* DebugAnimationsView.swift in Sources */,
				68CFB1AD2C27E76D00D3FB14 /* TestObject.swift in Sources */,
				68A032D92C97FA1900F2B0B2 /* Item.swift in Sources */,
				68CFB1B02C27E7C500D3FB14 /* DetailView.swift in Sources */,
				68B0D7E42C817E3C00D7432B /* AnimationsView.swift in Sources */,
				6816BE4D2C282DB50089FCDB /* Tasker.swift in Sources */,
				68CFB19C2C27DC5100D3FB14 /* Swift_DemosApp.swift in Sources */,
			);
			runOnlyForDeploymentPostprocessing = 0;
		};
/* End PBXSourcesBuildPhase section */

/* Begin XCBuildConfiguration section */
		68CFB1A42C27DC5200D3FB14 /* Debug */ = {
			isa = XCBuildConfiguration;
			buildSettings = {
				ALWAYS_SEARCH_USER_PATHS = NO;
				ASSETCATALOG_COMPILER_GENERATE_SWIFT_ASSET_SYMBOL_EXTENSIONS = YES;
				CLANG_ANALYZER_NONNULL = YES;
				CLANG_ANALYZER_NUMBER_OBJECT_CONVERSION = YES_AGGRESSIVE;
				CLANG_CXX_LANGUAGE_STANDARD = "gnu++20";
				CLANG_ENABLE_MODULES = YES;
				CLANG_ENABLE_OBJC_ARC = YES;
				CLANG_ENABLE_OBJC_WEAK = YES;
				CLANG_WARN_BLOCK_CAPTURE_AUTORELEASING = YES;
				CLANG_WARN_BOOL_CONVERSION = YES;
				CLANG_WARN_COMMA = YES;
				CLANG_WARN_CONSTANT_CONVERSION = YES;
				CLANG_WARN_DEPRECATED_OBJC_IMPLEMENTATIONS = YES;
				CLANG_WARN_DIRECT_OBJC_ISA_USAGE = YES_ERROR;
				CLANG_WARN_DOCUMENTATION_COMMENTS = YES;
				CLANG_WARN_EMPTY_BODY = YES;
				CLANG_WARN_ENUM_CONVERSION = YES;
				CLANG_WARN_INFINITE_RECURSION = YES;
				CLANG_WARN_INT_CONVERSION = YES;
				CLANG_WARN_NON_LITERAL_NULL_CONVERSION = YES;
				CLANG_WARN_OBJC_IMPLICIT_RETAIN_SELF = YES;
				CLANG_WARN_OBJC_LITERAL_CONVERSION = YES;
				CLANG_WARN_OBJC_ROOT_CLASS = YES_ERROR;
				CLANG_WARN_QUOTED_INCLUDE_IN_FRAMEWORK_HEADER = YES;
				CLANG_WARN_RANGE_LOOP_ANALYSIS = YES;
				CLANG_WARN_STRICT_PROTOTYPES = YES;
				CLANG_WARN_SUSPICIOUS_MOVE = YES;
				CLANG_WARN_UNGUARDED_AVAILABILITY = YES_AGGRESSIVE;
				CLANG_WARN_UNREACHABLE_CODE = YES;
				CLANG_WARN__DUPLICATE_METHOD_MATCH = YES;
				COPY_PHASE_STRIP = NO;
				DEBUG_INFORMATION_FORMAT = dwarf;
				ENABLE_STRICT_OBJC_MSGSEND = YES;
				ENABLE_TESTABILITY = YES;
				ENABLE_USER_SCRIPT_SANDBOXING = YES;
				GCC_C_LANGUAGE_STANDARD = gnu17;
				GCC_DYNAMIC_NO_PIC = NO;
				GCC_NO_COMMON_BLOCKS = YES;
				GCC_OPTIMIZATION_LEVEL = 0;
				GCC_PREPROCESSOR_DEFINITIONS = (
					"DEBUG=1",
					"$(inherited)",
				);
				GCC_WARN_64_TO_32_BIT_CONVERSION = YES;
				GCC_WARN_ABOUT_RETURN_TYPE = YES_ERROR;
				GCC_WARN_UNDECLARED_SELECTOR = YES;
				GCC_WARN_UNINITIALIZED_AUTOS = YES_AGGRESSIVE;
				GCC_WARN_UNUSED_FUNCTION = YES;
				GCC_WARN_UNUSED_VARIABLE = YES;
				IPHONEOS_DEPLOYMENT_TARGET = 17.0;
				LOCALIZATION_PREFERS_STRING_CATALOGS = YES;
				MTL_ENABLE_DEBUG_INFO = INCLUDE_SOURCE;
				MTL_FAST_MATH = YES;
				ONLY_ACTIVE_ARCH = YES;
				SDKROOT = iphoneos;
				SWIFT_ACTIVE_COMPILATION_CONDITIONS = "DEBUG $(inherited)";
				SWIFT_OPTIMIZATION_LEVEL = "-Onone";
				SWIFT_STRICT_CONCURRENCY = complete;
			};
			name = Debug;
		};
		68CFB1A52C27DC5200D3FB14 /* Release */ = {
			isa = XCBuildConfiguration;
			buildSettings = {
				ALWAYS_SEARCH_USER_PATHS = NO;
				ASSETCATALOG_COMPILER_GENERATE_SWIFT_ASSET_SYMBOL_EXTENSIONS = YES;
				CLANG_ANALYZER_NONNULL = YES;
				CLANG_ANALYZER_NUMBER_OBJECT_CONVERSION = YES_AGGRESSIVE;
				CLANG_CXX_LANGUAGE_STANDARD = "gnu++20";
				CLANG_ENABLE_MODULES = YES;
				CLANG_ENABLE_OBJC_ARC = YES;
				CLANG_ENABLE_OBJC_WEAK = YES;
				CLANG_WARN_BLOCK_CAPTURE_AUTORELEASING = YES;
				CLANG_WARN_BOOL_CONVERSION = YES;
				CLANG_WARN_COMMA = YES;
				CLANG_WARN_CONSTANT_CONVERSION = YES;
				CLANG_WARN_DEPRECATED_OBJC_IMPLEMENTATIONS = YES;
				CLANG_WARN_DIRECT_OBJC_ISA_USAGE = YES_ERROR;
				CLANG_WARN_DOCUMENTATION_COMMENTS = YES;
				CLANG_WARN_EMPTY_BODY = YES;
				CLANG_WARN_ENUM_CONVERSION = YES;
				CLANG_WARN_INFINITE_RECURSION = YES;
				CLANG_WARN_INT_CONVERSION = YES;
				CLANG_WARN_NON_LITERAL_NULL_CONVERSION = YES;
				CLANG_WARN_OBJC_IMPLICIT_RETAIN_SELF = YES;
				CLANG_WARN_OBJC_LITERAL_CONVERSION = YES;
				CLANG_WARN_OBJC_ROOT_CLASS = YES_ERROR;
				CLANG_WARN_QUOTED_INCLUDE_IN_FRAMEWORK_HEADER = YES;
				CLANG_WARN_RANGE_LOOP_ANALYSIS = YES;
				CLANG_WARN_STRICT_PROTOTYPES = YES;
				CLANG_WARN_SUSPICIOUS_MOVE = YES;
				CLANG_WARN_UNGUARDED_AVAILABILITY = YES_AGGRESSIVE;
				CLANG_WARN_UNREACHABLE_CODE = YES;
				CLANG_WARN__DUPLICATE_METHOD_MATCH = YES;
				COPY_PHASE_STRIP = NO;
				DEBUG_INFORMATION_FORMAT = "dwarf-with-dsym";
				ENABLE_NS_ASSERTIONS = NO;
				ENABLE_STRICT_OBJC_MSGSEND = YES;
				ENABLE_USER_SCRIPT_SANDBOXING = YES;
				GCC_C_LANGUAGE_STANDARD = gnu17;
				GCC_NO_COMMON_BLOCKS = YES;
				GCC_WARN_64_TO_32_BIT_CONVERSION = YES;
				GCC_WARN_ABOUT_RETURN_TYPE = YES_ERROR;
				GCC_WARN_UNDECLARED_SELECTOR = YES;
				GCC_WARN_UNINITIALIZED_AUTOS = YES_AGGRESSIVE;
				GCC_WARN_UNUSED_FUNCTION = YES;
				GCC_WARN_UNUSED_VARIABLE = YES;
				IPHONEOS_DEPLOYMENT_TARGET = 17.0;
				LOCALIZATION_PREFERS_STRING_CATALOGS = YES;
				MTL_ENABLE_DEBUG_INFO = NO;
				MTL_FAST_MATH = YES;
				SDKROOT = iphoneos;
				SWIFT_COMPILATION_MODE = wholemodule;
				SWIFT_STRICT_CONCURRENCY = complete;
				VALIDATE_PRODUCT = YES;
			};
			name = Release;
		};
		68CFB1A72C27DC5200D3FB14 /* Debug */ = {
			isa = XCBuildConfiguration;
			buildSettings = {
				ASSETCATALOG_COMPILER_APPICON_NAME = AppIcon;
				ASSETCATALOG_COMPILER_GLOBAL_ACCENT_COLOR_NAME = AccentColor;
				CODE_SIGN_STYLE = Automatic;
				CURRENT_PROJECT_VERSION = 1;
				DEVELOPMENT_ASSET_PATHS = "\"Swift Demos/Preview Content\"";
				DEVELOPMENT_TEAM = HNL8ZJJ645;
				ENABLE_PREVIEWS = YES;
				GENERATE_INFOPLIST_FILE = YES;
				INFOPLIST_KEY_UIApplicationSceneManifest_Generation = YES;
				INFOPLIST_KEY_UIApplicationSupportsIndirectInputEvents = YES;
				INFOPLIST_KEY_UILaunchScreen_Generation = YES;
				INFOPLIST_KEY_UISupportedInterfaceOrientations_iPad = "UIInterfaceOrientationPortrait UIInterfaceOrientationPortraitUpsideDown UIInterfaceOrientationLandscapeLeft UIInterfaceOrientationLandscapeRight";
				INFOPLIST_KEY_UISupportedInterfaceOrientations_iPhone = "UIInterfaceOrientationPortrait UIInterfaceOrientationLandscapeLeft UIInterfaceOrientationLandscapeRight";
				LD_RUNPATH_SEARCH_PATHS = (
					"$(inherited)",
					"@executable_path/Frameworks",
				);
				MARKETING_VERSION = 1.0;
				PRODUCT_BUNDLE_IDENTIFIER = "com.tilcode.Swift-Demos";
				PRODUCT_NAME = "$(TARGET_NAME)";
				SWIFT_EMIT_LOC_STRINGS = YES;
				SWIFT_STRICT_CONCURRENCY = complete;
				SWIFT_VERSION = 5.0;
				TARGETED_DEVICE_FAMILY = "1,2";
			};
			name = Debug;
		};
		68CFB1A82C27DC5200D3FB14 /* Release */ = {
			isa = XCBuildConfiguration;
			buildSettings = {
				ASSETCATALOG_COMPILER_APPICON_NAME = AppIcon;
				ASSETCATALOG_COMPILER_GLOBAL_ACCENT_COLOR_NAME = AccentColor;
				CODE_SIGN_STYLE = Automatic;
				CURRENT_PROJECT_VERSION = 1;
				DEVELOPMENT_ASSET_PATHS = "\"Swift Demos/Preview Content\"";
				DEVELOPMENT_TEAM = HNL8ZJJ645;
				ENABLE_PREVIEWS = YES;
				GENERATE_INFOPLIST_FILE = YES;
				INFOPLIST_KEY_UIApplicationSceneManifest_Generation = YES;
				INFOPLIST_KEY_UIApplicationSupportsIndirectInputEvents = YES;
				INFOPLIST_KEY_UILaunchScreen_Generation = YES;
				INFOPLIST_KEY_UISupportedInterfaceOrientations_iPad = "UIInterfaceOrientationPortrait UIInterfaceOrientationPortraitUpsideDown UIInterfaceOrientationLandscapeLeft UIInterfaceOrientationLandscapeRight";
				INFOPLIST_KEY_UISupportedInterfaceOrientations_iPhone = "UIInterfaceOrientationPortrait UIInterfaceOrientationLandscapeLeft UIInterfaceOrientationLandscapeRight";
				LD_RUNPATH_SEARCH_PATHS = (
					"$(inherited)",
					"@executable_path/Frameworks",
				);
				MARKETING_VERSION = 1.0;
				PRODUCT_BUNDLE_IDENTIFIER = "com.tilcode.Swift-Demos";
				PRODUCT_NAME = "$(TARGET_NAME)";
				SWIFT_EMIT_LOC_STRINGS = YES;
				SWIFT_STRICT_CONCURRENCY = complete;
				SWIFT_VERSION = 5.0;
				TARGETED_DEVICE_FAMILY = "1,2";
			};
			name = Release;
		};
/* End XCBuildConfiguration section */

/* Begin XCConfigurationList section */
		68CFB1932C27DC5100D3FB14 /* Build configuration list for PBXProject "Swift Demos" */ = {
			isa = XCConfigurationList;
			buildConfigurations = (
				68CFB1A42C27DC5200D3FB14 /* Debug */,
				68CFB1A52C27DC5200D3FB14 /* Release */,
			);
			defaultConfigurationIsVisible = 0;
			defaultConfigurationName = Release;
		};
		68CFB1A62C27DC5200D3FB14 /* Build configuration list for PBXNativeTarget "Swift Demos" */ = {
			isa = XCConfigurationList;
			buildConfigurations = (
				68CFB1A72C27DC5200D3FB14 /* Debug */,
				68CFB1A82C27DC5200D3FB14 /* Release */,
			);
			defaultConfigurationIsVisible = 0;
			defaultConfigurationName = Release;
		};
/* End XCConfigurationList section */
	};
	rootObject = 68CFB1902C27DC5100D3FB14 /* Project object */;
}
